
Microsoft Visual Studio Solution File, Format Version 12.00
# Visual Studio Version 17
VisualStudioVersion = 17.14.37111.16 d17.14
MinimumVisualStudioVersion = 10.0.40219.1
Project("{FAE04EC0-301F-11D3-BF4B-00C04F79EFBC}") = "API", "API\API.csproj", "{4DEFCFB7-10F1-4834-9106-AAEE669EF804}"
EndProject
Project("{FAE04EC0-301F-11D3-BF4B-00C04F79EFBC}") = "Infrastructure", "Infrastructure\Infrastructure.csproj", "{B0A2C2F8-58D4-444C-86C2-0672E23C2EC3}"
EndProject
Project("{FAE04EC0-301F-11D3-BF4B-00C04F79EFBC}") = "Domain", "Domain\Domain.csproj", "{8BA058F9-ABD5-4FF5-8239-B85648B29A57}"
EndProject
Project("{FAE04EC0-301F-11D3-BF4B-00C04F79EFBC}") = "Application", "Application\Application.csproj", "{3C90EBFB-6809-4449-B958-7FC46517BAC9}"
EndProject
Global
	GlobalSection(SolutionConfigurationPlatforms) = preSolution
		Debug|Any CPU = Debug|Any CPU
		Release|Any CPU = Release|Any CPU
	EndGlobalSection
	GlobalSection(ProjectConfigurationPlatforms) = postSolution
		{4DEFCFB7-10F1-4834-9106-AAEE669EF804}.Debug|Any CPU.ActiveCfg = Debug|Any CPU
		{4DEFCFB7-10F1-4834-9106-AAEE669EF804}.Debug|Any CPU.Build.0 = Debug|Any CPU
		{4DEFCFB7-10F1-4834-9106-AAEE669EF804}.Release|Any CPU.ActiveCfg = Release|Any CPU
		{4DEFCFB7-10F1-4834-9106-AAEE669EF804}.Release|Any CPU.Build.0 = Release|Any CPU
		{B0A2C2F8-58D4-444C-86C2-0672E23C2EC3}.Debug|Any CPU.ActiveCfg = Debug|Any CPU
		{B0A2C2F8-58D4-444C-86C2-0672E23C2EC3}.Debug|Any CPU.Build.0 = Debug|Any CPU
		{B0A2C2F8-58D4-444C-86C2-0672E23C2EC3}.Release|Any CPU.ActiveCfg = Release|Any CPU
		{B0A2C2F8-58D4-444C-86C2-0672E23C2EC3}.Release|Any CPU.Build.0 = Release|Any CPU
		{8BA058F9-ABD5-4FF5-8239-B85648B29A57}.Debug|Any CPU.ActiveCfg = Debug|Any CPU
		{8BA058F9-ABD5-4FF5-8239-B85648B29A57}.Debug|Any CPU.Build.0 = Debug|Any CPU
		{8BA058F9-ABD5-4FF5-8239-B85648B29A57}.Release|Any CPU.ActiveCfg = Release|Any CPU
		{8BA058F9-ABD5-4FF5-8239-B85648B29A57}.Release|Any CPU.Build.0 = Release|Any CPU
		{3C90EBFB-6809-4449-B958-7FC46517BAC9}.Debug|Any CPU.ActiveCfg = Debug|Any CPU
		{3C90EBFB-6809-4449-B958-7FC46517BAC9}.Debug|Any CPU.Build.0 = Debug|Any CPU
		{3C90EBFB-6809-4449-B958-7FC46517BAC9}.Release|Any CPU.ActiveCfg = Release|Any CPU
		{3C90EBFB-6809-4449-B958-7FC46517BAC9}.Release|Any CPU.Build.0 = Release|Any CPU
	EndGlobalSection
	GlobalSection(SolutionProperties) = preSolution
		HideSolutionNode = FALSE
	EndGlobalSection
	GlobalSection(ExtensibilityGlobals) = postSolution
		SolutionGuid = {DA10E9D2-ACAA-47CB-A15D-B23427B1EEE6}
	EndGlobalSection
EndGlobal
